
Microsoft Visual Studio Solution File, Format Version 12.00
# Visual Studio Version 17
VisualStudioVersion = 17.0.32014.148
MinimumVisualStudioVersion = 10.0.40219.1
Project("{FAE04EC0-301F-11D3-BF4B-00C04F79EFBC}") = "GBSave", "GBSave\GBSave.csproj", "{C2BC8F76-45A6-4743-A525-8B9B2546E597}"
EndProject
Global
	GlobalSection(SolutionConfigurationPlatforms) = preSolution
		Debug|Any CPU = Debug|Any CPU
		Release|Any CPU = Release|Any CPU
	EndGlobalSection
	GlobalSection(ProjectConfigurationPlatforms) = postSolution
		{C2BC8F76-45A6-4743-A525-8B9B2546E597}.Debug|Any CPU.ActiveCfg = Debug|Any CPU
		{C2BC8F76-45A6-4743-A525-8B9B2546E597}.Debug|Any CPU.Build.0 = Debug|Any CPU
		{C2BC8F76-45A6-4743-A525-8B9B2546E597}.Release|Any CPU.ActiveCfg = Release|Any CPU
		{C2BC8F76-45A6-4743-A525-8B9B2546E597}.Release|Any CPU.Build.0 = Release|Any CPU
	EndGlobalSection
	GlobalSection(SolutionProperties) = preSolution
		HideSolutionNode = FALSE
	EndGlobalSection
	GlobalSection(ExtensibilityGlobals) = postSolution
		SolutionGuid = {36C2B014-7E87-452B-8F1D-2543D8E43F58}
	EndGlobalSection
EndGlobal
